{
  "name": "backend",
  "version": "1.0.0",
  "lockfileVersion": 3,
  "requires": true,
  "packages": {
    "": {
      "name": "backend",
      "version": "1.0.0",
      "license": "ISC",
      "dependencies": {
        "@prisma/client": "^5.7.0",
        "bcryptjs": "^2.4.3",
        "cloudinary": "^1.41.0",
        "cors": "^2.8.5",
        "dotenv": "^16.3.1",
        "express": "^4.18.2",
        "express-rate-limit": "^6.10.0",
        "helmet": "^7.0.0",
        "joi": "^17.11.0",
        "jsonwebtoken": "^9.0.2",
        "pg": "^8.11.3",
        "prisma": "^5.7.0",
        "socket.io": "^4.7.2",
        "socket.io-redis": "^6.1.1",
        "zod": "^3.22.4"
      },
      "devDependencies": {
        "nodemon": "^3.0.2"
      }
    },
    "node_modules/@hapi/hoek": {
      "version": "11.0.4",
      "resolved": "https://registry.npmjs.org/@hapi/hoek/-/hoek-11.0.4.tgz",
      "integrity": "sha512-YzlJ87BHW4q9I93ERJbpxw8ZKVv0rlyqJL5BO/xNNiH7m3h1G7x9qsRJiXXxrr8bdrGqy7/i8tArHMiQqNsNqQ=="
    },
    "node_modules/@hapi/topo": {
      "version": "6.1.0",
      "resolved": "https://registry.npmjs.org/@hapi/topo/-/topo-6.1.0.tgz",
      "integrity": "sha512-xfmq73EfnzMn7ixJoHhCQ3BtFG6RwH5gTKqKn8w5WPnC9NYDQG6cE0t8mYzhLVd5dMoLDCdv3OPZA0m5bnj8Q=="
    },
    "node_modules/@sideway/address": {
      "version": "4.1.5",
      "resolved": "https://registry.npmjs.org/@sideway/address/-/address-4.1.5.tgz",
      "integrity": "sha512-IqO8uclWFwukulnMjFeDAdIcMj74yQiLxjqSnLbFasdNuEIvogKPfLo/tSODreQBTUf8+5SZKjvzsV6mPAjoWQ=="
    },
    "node_modules/@sideway/formula": {
      "version": "3.0.1",
      "resolved": "https://registry.npmjs.org/@sideway/formula/-/formula-3.0.1.tgz",
      "integrity": "sha512-/poHZJJVjx3L+zVD6g02QPU7g5cbH8jGnQv23Lu8qdUllX1EF6NoCQ0KJcM4HA53xGiYqm5yeuDuyIjradx6Ehw=="
    },
    "node_modules/@sideway/pinpoint": {
      "version": "2.0.0",
      "resolved": "https://registry.npmjs.org/@sideway/pinpoint/-/pinpoint-2.0.0.tgz",
      "integrity": "sha512-RNiiquQvoj0eosSZ3/VTi+9DtM9ypP+0Eg8umNj+ly0pVfxcJeg6tfZAE1JYEUbMeDM7pebMHqWC0CnvMcLKEQ=="
    },
    "node_modules/@prisma/client": {
      "version": "5.7.0",
      "resolved": "https://registry.npmjs.org/@prisma/client/-/client-5.7.0.tgz",
      "integrity": "sha512-R7Kb3LZr6jCvshKvqXavPYXiJEIr4qcr0N0MqXJqW6YemKKCshRYQ8m2f8oCTn3gAZ3uqZWnctNZBR4x7qMz4g==",
      "hasInstallScript": true,
      "license": "Apache-2.0",
      "dependencies": {
        "@prisma/engines": "5.7.0"
      },
      "engines": {
        "node": ">=16.13"
      },
      "peerDependencies": {
        "prisma": "*"
      },
      "peerDependenciesMeta": {
        "prisma": {
          "optional": true
        }
      }
    },
    "node_modules/@prisma/debug": {
      "version": "5.7.0",
      "resolved": "https://registry.npmjs.org/@prisma/debug/-/debug-5.7.0.tgz",
      "integrity": "sha512-Xpm0Fs5d2DhfbS7MkX4pO4x7aLxZ2rXiXoYaWpU30tO2aJ+M4LV3xgvyN/bWI8P3AqqUIKw5Z6bN2q6PmwFz0Q=="
    },
    "node_modules/@prisma/engines": {
      "version": "5.7.0",
      "resolved": "https://registry.npmjs.org/@prisma/engines/-/engines-5.7.0.tgz",
      "integrity": "sha512-dPWzRw3uAYDVjC2D/rFMVyM3TUaRWIbH9xGwCWvFgZHK6dJoR5GQCZG1mzIrK4K3G1mOKN3QxWRakZUqkxQtFg=="
    },
    "node_modules/bcryptjs": {
      "version": "2.4.3",
      "resolved": "https://registry.npmjs.org/bcryptjs/-/bcryptjs-2.4.3.tgz",
      "integrity": "sha512-V/Hy/X9Vt7f3BbPJEi8BdVFMByHi+jNXrYkW3huaybV/kQ0KJg0Y6PkEMbn+zeT+i+SiKZ/HMqJGIIt4LZDqNQ=="
    },
    "node_modules/cloudinary": {
      "version": "1.41.0",
      "resolved": "https://registry.npmjs.org/cloudinary/-/cloudinary-1.41.0.tgz",
      "integrity": "sha512-V6SBYhPzgRAIZR9V8YppXRKwZi3Lv5r0A0ELPvxqZzW6dMWN7/0X4P9dxXoKbCYPZ4gxLy9f0VrJrpCDmJ3tA=="
    },
    "node_modules/cloudinary-core": {
      "version": "2.14.0",
      "resolved": "https://registry.npmjs.org/cloudinary-core/-/cloudinary-core-2.14.0.tgz",
      "integrity": "sha512-mKnYDvR2p3r2PqKKk4qFuEApLPXCwVEjqB3ky6FXM5xCPQkqwwTLRfPEhcEiCpWBUC4xLX13T4g3TjK9oKgHCw=="
    },
    "node_modules/cors": {
      "version": "2.8.5",
      "resolved": "https://registry.npmjs.org/cors/-/cors-2.8.5.tgz",
      "integrity": "sha512-KIHbLJqu73RGr/hnbrO9uBxyStF9VaIkIoF/6mZstYLijMCxTYwy2R9XlAd7QmkCB7jd/wNcNYHuoNO/4O7Ong=="
    },
    "node_modules/dotenv": {
      "version": "16.3.1",
      "resolved": "https://registry.npmjs.org/dotenv/-/dotenv-16.3.1.tgz",
      "integrity": "sha512-IPzF4w4/Rd94bA9imS68tZBaYyBWSCE47V1xCZQtJJDXxMbYmuA+C6howU7K06ZkJw61FodagT3IomljM0DwNA=="
    },
    "node_modules/express": {
      "version": "4.18.2",
      "resolved": "https://registry.npmjs.org/express/-/express-4.18.2.tgz",
      "integrity": "sha512-5/PsL6iGPdfQ/lKM1UuYUu0dKCo0LwWxMBDtg2hP5GF8TS/cusWWxc60v+DlH+fzVk3PtZrKvEsnV0IeuoVknD=="
    },
    "node_modules/express-rate-limit": {
      "version": "6.10.0",
      "resolved": "https://registry.npmjs.org/express-rate-limit/-/express-rate-limit-6.10.0.tgz",
      "integrity": "sha512-sEmyR28v4XmhEQIAWWpM0VTnzBHk+sK62+GN0yI5oI3X8fhYVXRHYfJAMR1G6vPdX7c+KKqg3tBjq0s8qH3TAQ=="
    },
    "node_modules/helmet": {
      "version": "7.0.0",
      "resolved": "https://registry.npmjs.org/helmet/-/helmet-7.0.0.tgz",
      "integrity": "sha512-CmhOhIKhJNbPfdzLZ7pA+cZBzTxzj8vAcbKKhK7G8dXgqcCPL4LS0e8BWWF+AKX5VHOD/1P3TUKOcVQWLLFnA=="
    },
    "node_modules/joi": {
      "version": "17.11.0",
      "resolved": "https://registry.npmjs.org/joi/-/joi-17.11.0.tgz",
      "integrity": "sha512-NgB+lZLNoqISVy1rZsJnkxqK0tVEORcZ0uVnvzIcY0zakrzZSikcSwS06+5kHh15AJkYOuUsiCmtVccPoan2KA==",
      "dependencies": {
        "@hapi/hoek": "^11.0.2",
        "@hapi/topo": "^6.0.0",
        "@sideway/address": "^4.1.4",
        "@sideway/formula": "^3.0.0",
        "@sideway/pinpoint": "^2.0.0"
      }
    },
    "node_modules/jsonwebtoken": {
      "version": "9.0.2",
      "resolved": "https://registry.npmjs.org/jsonwebtoken/-/jsonwebtoken-9.0.2.tgz",
      "integrity": "sha512-PRp66vKptXkoriginal+base=="
    },
    "node_modules/pg": {
      "version": "8.11.3",
      "resolved": "https://registry.npmjs.org/pg/-/pg-8.11.3.tgz",
      "integrity": "sha512-original"
    },
    "node_modules/prisma": {
      "version": "5.7.0",
      "resolved": "https://registry.npmjs.org/prisma/-/prisma-5.7.0.tgz",
      "integrity": "sha512-original",
      "hasInstallScript": true
    },
    "node_modules/socket.io": {
      "version": "4.7.2",
      "resolved": "https://registry.npmjs.org/socket.io/-/socket.io-4.7.2.tgz",
      "integrity": "sha512-original"
    },
    "node_modules/socket.io-redis": {
      "version": "6.1.1",
      "resolved": "https://registry.npmjs.org/socket.io-redis/-/socket.io-redis-6.1.1.tgz",
      "integrity": "sha512-original"
    },
    "node_modules/zod": {
      "version": "3.22.4",
      "resolved": "https://registry.npmjs.org/zod/-/zod-3.22.4.tgz",
      "integrity": "sha512-original"
    },
    "node_modules/nodemon": {
      "version": "3.0.2",
      "resolved": "https://registry.npmjs.org/nodemon/-/nodemon-3.0.2.tgz",
      "integrity": "sha512-original",
      "dev": true
    }
  }
}

